
Microsoft Visual Studio Solution File, Format Version 12.00
# Visual Studio Version 17
VisualStudioVersion = 17.9.34321.82
MinimumVisualStudioVersion = 10.0.40219.1
Project("{FAE04EC0-301F-11D3-BF4B-00C04F79EFBC}") = "VSA.Api", "VSA.Api\VSA.Api.csproj", "{AC3D01C1-0C99-4184-A7A0-CF292F2135D3}"
EndProject
Global
	GlobalSection(SolutionConfigurationPlatforms) = preSolution
		Debug|Any CPU = Debug|Any CPU
		Release|Any CPU = Release|Any CPU
	EndGlobalSection
	GlobalSection(ProjectConfigurationPlatforms) = postSolution
		{AC3D01C1-0C99-4184-A7A0-CF292F2135D3}.Debug|Any CPU.ActiveCfg = Debug|Any CPU
		{AC3D01C1-0C99-4184-A7A0-CF292F2135D3}.Debug|Any CPU.Build.0 = Debug|Any CPU
		{AC3D01C1-0C99-4184-A7A0-CF292F2135D3}.Release|Any CPU.ActiveCfg = Release|Any CPU
		{AC3D01C1-0C99-4184-A7A0-CF292F2135D3}.Release|Any CPU.Build.0 = Release|Any CPU
	EndGlobalSection
	GlobalSection(SolutionProperties) = preSolution
		HideSolutionNode = FALSE
	EndGlobalSection
	GlobalSection(ExtensibilityGlobals) = postSolution
		SolutionGuid = {B712DD1E-8089-4FBE-BA1B-D29DD766DAD1}
	EndGlobalSection
EndGlobal
